
Microsoft Visual Studio Solution File, Format Version 12.00
# Visual Studio Version 17
VisualStudioVersion = 17.1.32210.238
MinimumVisualStudioVersion = 10.0.40219.1
Project("{FAE04EC0-301F-11D3-BF4B-00C04F79EFBC}") = "AppObjectsDemo", "AppObjectsDemo.csproj", "{52AA5234-7E20-4E83-B55A-0E75E6869A3C}"
EndProject
Global
	GlobalSection(SolutionConfigurationPlatforms) = preSolution
		Debug|Any CPU = Debug|Any CPU
		Release|Any CPU = Release|Any CPU
	EndGlobalSection
	GlobalSection(ProjectConfigurationPlatforms) = postSolution
		{52AA5234-7E20-4E83-B55A-0E75E6869A3C}.Debug|Any CPU.ActiveCfg = Debug|Any CPU
		{52AA5234-7E20-4E83-B55A-0E75E6869A3C}.Debug|Any CPU.Build.0 = Debug|Any CPU
		{52AA5234-7E20-4E83-B55A-0E75E6869A3C}.Release|Any CPU.ActiveCfg = Release|Any CPU
		{52AA5234-7E20-4E83-B55A-0E75E6869A3C}.Release|Any CPU.Build.0 = Release|Any CPU
	EndGlobalSection
	GlobalSection(SolutionProperties) = preSolution
		HideSolutionNode = FALSE
	EndGlobalSection
	GlobalSection(ExtensibilityGlobals) = postSolution
		SolutionGuid = {831DF9CA-3425-42CD-8156-5E7C2936C64A}
	EndGlobalSection
EndGlobal
