
Microsoft Visual Studio Solution File, Format Version 12.00
# Visual Studio Version 17
VisualStudioVersion = 17.1.32210.238
MinimumVisualStudioVersion = 10.0.40219.1
Project("{FAE04EC0-301F-11D3-BF4B-00C04F79EFBC}") = "DockerDemo-ConnectingToSSMSOnContainer", "DockerDemo-ConnectingToSSMSOnContainer.csproj", "{634D44C7-C191-410D-B245-E0D498C91F84}"
EndProject
Global
	GlobalSection(SolutionConfigurationPlatforms) = preSolution
		Debug|Any CPU = Debug|Any CPU
		Release|Any CPU = Release|Any CPU
	EndGlobalSection
	GlobalSection(ProjectConfigurationPlatforms) = postSolution
		{634D44C7-C191-410D-B245-E0D498C91F84}.Debug|Any CPU.ActiveCfg = Debug|Any CPU
		{634D44C7-C191-410D-B245-E0D498C91F84}.Debug|Any CPU.Build.0 = Debug|Any CPU
		{634D44C7-C191-410D-B245-E0D498C91F84}.Release|Any CPU.ActiveCfg = Release|Any CPU
		{634D44C7-C191-410D-B245-E0D498C91F84}.Release|Any CPU.Build.0 = Release|Any CPU
	EndGlobalSection
	GlobalSection(SolutionProperties) = preSolution
		HideSolutionNode = FALSE
	EndGlobalSection
	GlobalSection(ExtensibilityGlobals) = postSolution
		SolutionGuid = {8D4740F0-A9A2-42BF-BE4A-FD7412AA5293}
	EndGlobalSection
EndGlobal
