
Microsoft Visual Studio Solution File, Format Version 12.00
# Visual Studio Version 17
VisualStudioVersion = 17.1.32210.238
MinimumVisualStudioVersion = 10.0.40219.1
Project("{FAE04EC0-301F-11D3-BF4B-00C04F79EFBC}") = "DockerDemo-BlobVolume", "DockerDemo-BlobVolume.csproj", "{42A34B5C-A6E9-443E-B011-379D7FC14B78}"
EndProject
Global
	GlobalSection(SolutionConfigurationPlatforms) = preSolution
		Debug|Any CPU = Debug|Any CPU
		Release|Any CPU = Release|Any CPU
	EndGlobalSection
	GlobalSection(ProjectConfigurationPlatforms) = postSolution
		{42A34B5C-A6E9-443E-B011-379D7FC14B78}.Debug|Any CPU.ActiveCfg = Debug|Any CPU
		{42A34B5C-A6E9-443E-B011-379D7FC14B78}.Debug|Any CPU.Build.0 = Debug|Any CPU
		{42A34B5C-A6E9-443E-B011-379D7FC14B78}.Release|Any CPU.ActiveCfg = Release|Any CPU
		{42A34B5C-A6E9-443E-B011-379D7FC14B78}.Release|Any CPU.Build.0 = Release|Any CPU
	EndGlobalSection
	GlobalSection(SolutionProperties) = preSolution
		HideSolutionNode = FALSE
	EndGlobalSection
	GlobalSection(ExtensibilityGlobals) = postSolution
		SolutionGuid = {2D6F0D34-0396-4BEB-B3DC-CFD4E5095E25}
	EndGlobalSection
EndGlobal
