
Microsoft Visual Studio Solution File, Format Version 12.00
# Visual Studio Version 17
VisualStudioVersion = 17.1.32210.238
MinimumVisualStudioVersion = 10.0.40219.1
Project("{FAE04EC0-301F-11D3-BF4B-00C04F79EFBC}") = "AzureFunctions-CosmosDB-ChangeFeed", "AzureFunctions-CosmosDB-ChangeFeed.csproj", "{E997E820-1060-4E48-B96B-790E98452946}"
EndProject
Global
	GlobalSection(SolutionConfigurationPlatforms) = preSolution
		Debug|Any CPU = Debug|Any CPU
		Release|Any CPU = Release|Any CPU
	EndGlobalSection
	GlobalSection(ProjectConfigurationPlatforms) = postSolution
		{E997E820-1060-4E48-B96B-790E98452946}.Debug|Any CPU.ActiveCfg = Debug|Any CPU
		{E997E820-1060-4E48-B96B-790E98452946}.Debug|Any CPU.Build.0 = Debug|Any CPU
		{E997E820-1060-4E48-B96B-790E98452946}.Release|Any CPU.ActiveCfg = Release|Any CPU
		{E997E820-1060-4E48-B96B-790E98452946}.Release|Any CPU.Build.0 = Release|Any CPU
	EndGlobalSection
	GlobalSection(SolutionProperties) = preSolution
		HideSolutionNode = FALSE
	EndGlobalSection
	GlobalSection(ExtensibilityGlobals) = postSolution
		SolutionGuid = {AF8A049D-1C2E-491C-A6D8-806C92634B74}
	EndGlobalSection
EndGlobal
