
Microsoft Visual Studio Solution File, Format Version 12.00
# Visual Studio Version 17
VisualStudioVersion = 17.1.32210.238
MinimumVisualStudioVersion = 10.0.40219.1
Project("{FAE04EC0-301F-11D3-BF4B-00C04F79EFBC}") = "ManagedIdentityDemo", "ManagedIdentityDemo.csproj", "{D52186FB-B6FD-4A21-BE3D-AFCB6598182F}"
EndProject
Global
	GlobalSection(SolutionConfigurationPlatforms) = preSolution
		Debug|Any CPU = Debug|Any CPU
		Release|Any CPU = Release|Any CPU
	EndGlobalSection
	GlobalSection(ProjectConfigurationPlatforms) = postSolution
		{D52186FB-B6FD-4A21-BE3D-AFCB6598182F}.Debug|Any CPU.ActiveCfg = Debug|Any CPU
		{D52186FB-B6FD-4A21-BE3D-AFCB6598182F}.Debug|Any CPU.Build.0 = Debug|Any CPU
		{D52186FB-B6FD-4A21-BE3D-AFCB6598182F}.Release|Any CPU.ActiveCfg = Release|Any CPU
		{D52186FB-B6FD-4A21-BE3D-AFCB6598182F}.Release|Any CPU.Build.0 = Release|Any CPU
	EndGlobalSection
	GlobalSection(SolutionProperties) = preSolution
		HideSolutionNode = FALSE
	EndGlobalSection
	GlobalSection(ExtensibilityGlobals) = postSolution
		SolutionGuid = {BF54A2E0-C42F-4A54-BF71-956EB6882403}
	EndGlobalSection
EndGlobal
